
Microsoft Visual Studio Solution File, Format Version 12.00
# Visual Studio Version 17
VisualStudioVersion = 17.5.002.0
MinimumVisualStudioVersion = 10.0.40219.1
Project("{9A19103F-16F7-4668-BE54-9A1E7A4F7556}") = "OnlineLibraryManagement", "OnlineLibraryManagement.csproj", "{432C6B58-D110-4C24-89EA-62EABAE93109}"
EndProject
Global
	GlobalSection(SolutionConfigurationPlatforms) = preSolution
		Debug|Any CPU = Debug|Any CPU
		Release|Any CPU = Release|Any CPU
	EndGlobalSection
	GlobalSection(ProjectConfigurationPlatforms) = postSolution
		{432C6B58-D110-4C24-89EA-62EABAE93109}.Debug|Any CPU.ActiveCfg = Debug|Any CPU
		{432C6B58-D110-4C24-89EA-62EABAE93109}.Debug|Any CPU.Build.0 = Debug|Any CPU
		{432C6B58-D110-4C24-89EA-62EABAE93109}.Release|Any CPU.ActiveCfg = Release|Any CPU
		{432C6B58-D110-4C24-89EA-62EABAE93109}.Release|Any CPU.Build.0 = Release|Any CPU
	EndGlobalSection
	GlobalSection(SolutionProperties) = preSolution
		HideSolutionNode = FALSE
	EndGlobalSection
	GlobalSection(ExtensibilityGlobals) = postSolution
		SolutionGuid = {3F5CCDF9-1674-46B9-AACF-7BBE4997223E}
	EndGlobalSection
EndGlobal
